
Microsoft Visual Studio Solution File, Format Version 12.00
# Visual Studio Version 16
VisualStudioVersion = 16.0.31702.278
MinimumVisualStudioVersion = 10.0.40219.1
Project("{FAE04EC0-301F-11D3-BF4B-00C04F79EFBC}") = "UniTask1", "UniTask1\UniTask1.csproj", "{89BECC5D-C196-4CB5-B138-3FA02BBC587F}"
EndProject
Global
	GlobalSection(SolutionConfigurationPlatforms) = preSolution
		Debug|Any CPU = Debug|Any CPU
		Release|Any CPU = Release|Any CPU
	EndGlobalSection
	GlobalSection(ProjectConfigurationPlatforms) = postSolution
		{89BECC5D-C196-4CB5-B138-3FA02BBC587F}.Debug|Any CPU.ActiveCfg = Debug|Any CPU
		{89BECC5D-C196-4CB5-B138-3FA02BBC587F}.Debug|Any CPU.Build.0 = Debug|Any CPU
		{89BECC5D-C196-4CB5-B138-3FA02BBC587F}.Release|Any CPU.ActiveCfg = Release|Any CPU
		{89BECC5D-C196-4CB5-B138-3FA02BBC587F}.Release|Any CPU.Build.0 = Release|Any CPU
	EndGlobalSection
	GlobalSection(SolutionProperties) = preSolution
		HideSolutionNode = FALSE
	EndGlobalSection
	GlobalSection(ExtensibilityGlobals) = postSolution
		SolutionGuid = {5B65807F-68A0-4B6E-A8B4-6638522474F0}
	EndGlobalSection
EndGlobal
